
Microsoft Visual Studio Solution File, Format Version 12.00
# Visual Studio Version 17
VisualStudioVersion = 17.13.35828.75 d17.13
MinimumVisualStudioVersion = 10.0.40219.1
Project("{FAE04EC0-301F-11D3-BF4B-00C04F79EFBC}") = "MSGestionDeUsuariosySeguridad", "MSGestionDeUsuariosySeguridad.csproj", "{EA4BD861-C42F-4E0E-9CB2-0DBDC3109612}"
EndProject
Global
	GlobalSection(SolutionConfigurationPlatforms) = preSolution
		Debug|Any CPU = Debug|Any CPU
		Release|Any CPU = Release|Any CPU
	EndGlobalSection
	GlobalSection(ProjectConfigurationPlatforms) = postSolution
		{EA4BD861-C42F-4E0E-9CB2-0DBDC3109612}.Debug|Any CPU.ActiveCfg = Debug|Any CPU
		{EA4BD861-C42F-4E0E-9CB2-0DBDC3109612}.Debug|Any CPU.Build.0 = Debug|Any CPU
		{EA4BD861-C42F-4E0E-9CB2-0DBDC3109612}.Release|Any CPU.ActiveCfg = Release|Any CPU
		{EA4BD861-C42F-4E0E-9CB2-0DBDC3109612}.Release|Any CPU.Build.0 = Release|Any CPU
	EndGlobalSection
	GlobalSection(SolutionProperties) = preSolution
		HideSolutionNode = FALSE
	EndGlobalSection
	GlobalSection(ExtensibilityGlobals) = postSolution
		SolutionGuid = {16DA6551-6ABF-4F12-B765-4EE62BE5818B}
	EndGlobalSection
EndGlobal
