
Microsoft Visual Studio Solution File, Format Version 12.00
# Visual Studio Version 17
VisualStudioVersion = 17.14.36203.30 d17.14
MinimumVisualStudioVersion = 10.0.40219.1
Project("{FAE04EC0-301F-11D3-BF4B-00C04F79EFBC}") = "MSAgendas", "MSAgendas.csproj", "{4A858662-42AE-4714-B854-DE939A68E875}"
EndProject
Global
	GlobalSection(SolutionConfigurationPlatforms) = preSolution
		Debug|Any CPU = Debug|Any CPU
		Release|Any CPU = Release|Any CPU
	EndGlobalSection
	GlobalSection(ProjectConfigurationPlatforms) = postSolution
		{4A858662-42AE-4714-B854-DE939A68E875}.Debug|Any CPU.ActiveCfg = Debug|Any CPU
		{4A858662-42AE-4714-B854-DE939A68E875}.Debug|Any CPU.Build.0 = Debug|Any CPU
		{4A858662-42AE-4714-B854-DE939A68E875}.Release|Any CPU.ActiveCfg = Release|Any CPU
		{4A858662-42AE-4714-B854-DE939A68E875}.Release|Any CPU.Build.0 = Release|Any CPU
	EndGlobalSection
	GlobalSection(SolutionProperties) = preSolution
		HideSolutionNode = FALSE
	EndGlobalSection
	GlobalSection(ExtensibilityGlobals) = postSolution
		SolutionGuid = {EC3731BF-D7DF-4B83-944C-0A706893640A}
	EndGlobalSection
EndGlobal
